
Microsoft Visual Studio Solution File, Format Version 12.00
Project("{FAE04EC0-301F-11D3-BF4B-00C04F79EFBC}") = "Deltos", "Deltos\Deltos.csproj", "{6A539C59-D332-4A90-A4E4-0C62EBAFCFBC}"
EndProject
Project("{FAE04EC0-301F-11D3-BF4B-00C04F79EFBC}") = "Deltos.Tests", "Deltos.Tests\Deltos.Tests.csproj", "{EE074D1D-7935-4390-8BFE-EA1C8A7054E8}"
EndProject
Project("{FAE04EC0-301F-11D3-BF4B-00C04F79EFBC}") = "Deltos.Migrator", "Deltos.Migrator\Deltos.Migrator.csproj", "{DDAC345A-F99D-47ED-8DDC-FF5C8B308FB5}"
EndProject
Global
	GlobalSection(SolutionConfigurationPlatforms) = preSolution
		Debug|Any CPU = Debug|Any CPU
		Debug|x64 = Debug|x64
		Debug|x86 = Debug|x86
		Release|Any CPU = Release|Any CPU
		Release|x64 = Release|x64
		Release|x86 = Release|x86
	EndGlobalSection
	GlobalSection(ProjectConfigurationPlatforms) = postSolution
		{6A539C59-D332-4A90-A4E4-0C62EBAFCFBC}.Debug|Any CPU.ActiveCfg = Debug|Any CPU
		{6A539C59-D332-4A90-A4E4-0C62EBAFCFBC}.Debug|Any CPU.Build.0 = Debug|Any CPU
		{6A539C59-D332-4A90-A4E4-0C62EBAFCFBC}.Debug|x64.ActiveCfg = Debug|Any CPU
		{6A539C59-D332-4A90-A4E4-0C62EBAFCFBC}.Debug|x64.Build.0 = Debug|Any CPU
		{6A539C59-D332-4A90-A4E4-0C62EBAFCFBC}.Debug|x86.ActiveCfg = Debug|Any CPU
		{6A539C59-D332-4A90-A4E4-0C62EBAFCFBC}.Debug|x86.Build.0 = Debug|Any CPU
		{6A539C59-D332-4A90-A4E4-0C62EBAFCFBC}.Release|Any CPU.ActiveCfg = Release|Any CPU
		{6A539C59-D332-4A90-A4E4-0C62EBAFCFBC}.Release|Any CPU.Build.0 = Release|Any CPU
		{6A539C59-D332-4A90-A4E4-0C62EBAFCFBC}.Release|x64.ActiveCfg = Release|Any CPU
		{6A539C59-D332-4A90-A4E4-0C62EBAFCFBC}.Release|x64.Build.0 = Release|Any CPU
		{6A539C59-D332-4A90-A4E4-0C62EBAFCFBC}.Release|x86.ActiveCfg = Release|Any CPU
		{6A539C59-D332-4A90-A4E4-0C62EBAFCFBC}.Release|x86.Build.0 = Release|Any CPU
		{EE074D1D-7935-4390-8BFE-EA1C8A7054E8}.Debug|Any CPU.ActiveCfg = Debug|Any CPU
		{EE074D1D-7935-4390-8BFE-EA1C8A7054E8}.Debug|Any CPU.Build.0 = Debug|Any CPU
		{EE074D1D-7935-4390-8BFE-EA1C8A7054E8}.Debug|x64.ActiveCfg = Debug|Any CPU
		{EE074D1D-7935-4390-8BFE-EA1C8A7054E8}.Debug|x64.Build.0 = Debug|Any CPU
		{EE074D1D-7935-4390-8BFE-EA1C8A7054E8}.Debug|x86.ActiveCfg = Debug|Any CPU
		{EE074D1D-7935-4390-8BFE-EA1C8A7054E8}.Debug|x86.Build.0 = Debug|Any CPU
		{EE074D1D-7935-4390-8BFE-EA1C8A7054E8}.Release|Any CPU.ActiveCfg = Release|Any CPU
		{EE074D1D-7935-4390-8BFE-EA1C8A7054E8}.Release|Any CPU.Build.0 = Release|Any CPU
		{EE074D1D-7935-4390-8BFE-EA1C8A7054E8}.Release|x64.ActiveCfg = Release|Any CPU
		{EE074D1D-7935-4390-8BFE-EA1C8A7054E8}.Release|x64.Build.0 = Release|Any CPU
		{EE074D1D-7935-4390-8BFE-EA1C8A7054E8}.Release|x86.ActiveCfg = Release|Any CPU
		{EE074D1D-7935-4390-8BFE-EA1C8A7054E8}.Release|x86.Build.0 = Release|Any CPU
		{DDAC345A-F99D-47ED-8DDC-FF5C8B308FB5}.Debug|Any CPU.ActiveCfg = Debug|Any CPU
		{DDAC345A-F99D-47ED-8DDC-FF5C8B308FB5}.Debug|Any CPU.Build.0 = Debug|Any CPU
		{DDAC345A-F99D-47ED-8DDC-FF5C8B308FB5}.Debug|x64.ActiveCfg = Debug|Any CPU
		{DDAC345A-F99D-47ED-8DDC-FF5C8B308FB5}.Debug|x64.Build.0 = Debug|Any CPU
		{DDAC345A-F99D-47ED-8DDC-FF5C8B308FB5}.Debug|x86.ActiveCfg = Debug|Any CPU
		{DDAC345A-F99D-47ED-8DDC-FF5C8B308FB5}.Debug|x86.Build.0 = Debug|Any CPU
		{DDAC345A-F99D-47ED-8DDC-FF5C8B308FB5}.Release|Any CPU.ActiveCfg = Release|Any CPU
		{DDAC345A-F99D-47ED-8DDC-FF5C8B308FB5}.Release|Any CPU.Build.0 = Release|Any CPU
		{DDAC345A-F99D-47ED-8DDC-FF5C8B308FB5}.Release|x64.ActiveCfg = Release|Any CPU
		{DDAC345A-F99D-47ED-8DDC-FF5C8B308FB5}.Release|x64.Build.0 = Release|Any CPU
		{DDAC345A-F99D-47ED-8DDC-FF5C8B308FB5}.Release|x86.ActiveCfg = Release|Any CPU
		{DDAC345A-F99D-47ED-8DDC-FF5C8B308FB5}.Release|x86.Build.0 = Release|Any CPU
	EndGlobalSection
	GlobalSection(SolutionProperties) = preSolution
		HideSolutionNode = FALSE
	EndGlobalSection
EndGlobal
